
Microsoft Visual Studio Solution File, Format Version 12.00
# Visual Studio Version 16
VisualStudioVersion = 16.0.28803.352
MinimumVisualStudioVersion = 10.0.40219.1
Project("{9A19103F-16F7-4668-BE54-9A1E7A4F7556}") = "DotCommon", "src\DotCommon\DotCommon.csproj", "{5D5012F3-65B7-42FB-A2D8-6BEA1C45AC7F}"
EndProject
Project("{9A19103F-16F7-4668-BE54-9A1E7A4F7556}") = "DotCommon.Test", "test\DotCommon.Test\DotCommon.Test.csproj", "{0F36994D-849F-436E-97A6-530A05A02EFC}"
EndProject
Project("{9A19103F-16F7-4668-BE54-9A1E7A4F7556}") = "DotCommon.AutoMapper", "src\DotCommon.AutoMapper\DotCommon.AutoMapper.csproj", "{3F0FB329-AB91-4386-B176-387CF7D61B00}"
EndProject
Project("{9A19103F-16F7-4668-BE54-9A1E7A4F7556}") = "DotCommon.ProtoBuf", "src\DotCommon.ProtoBuf\DotCommon.ProtoBuf.csproj", "{5EA52E9C-AD8E-4A15-B00A-E3014BE4380D}"
EndProject
Project("{9A19103F-16F7-4668-BE54-9A1E7A4F7556}") = "DotCommon.Caching", "src\DotCommon.Caching\DotCommon.Caching.csproj", "{8D1DA3E5-8F7A-4E77-8C9D-2478B62B80DD}"
EndProject
Project("{9A19103F-16F7-4668-BE54-9A1E7A4F7556}") = "DotCommon.Log4Net", "src\DotCommon.Log4Net\DotCommon.Log4Net.csproj", "{E59C052F-3002-4FCB-86E8-23913FBC7048}"
EndProject
Project("{9A19103F-16F7-4668-BE54-9A1E7A4F7556}") = "DotCommon.Json4Net", "src\DotCommon.Json4Net\DotCommon.Json4Net.csproj", "{E95B72F2-5334-4FF4-BB08-669B1C425775}"
EndProject
Project("{2150E333-8FDC-42A3-9474-1A3956D46DE8}") = "Test", "Test", "{834211DA-7385-4208-81A9-A807405FCCFA}"
EndProject
Project("{2150E333-8FDC-42A3-9474-1A3956D46DE8}") = "doc", "doc", "{5BF7440F-AD5D-4FBB-92FC-BCBA8C6019A6}"
	ProjectSection(SolutionItems) = preProject
		README.md = README.md
	EndProjectSection
EndProject
Project("{2150E333-8FDC-42A3-9474-1A3956D46DE8}") = "samples", "samples", "{9B36842E-C0C0-4613-BC3B-774A40DA6B4D}"
EndProject
Project("{9A19103F-16F7-4668-BE54-9A1E7A4F7556}") = "DotCommon.ConsoleTest", "samples\DotCommon.ConsoleTest\DotCommon.ConsoleTest.csproj", "{F75F6BAF-346E-4721-A193-C96BAC949EA6}"
EndProject
Project("{2150E333-8FDC-42A3-9474-1A3956D46DE8}") = "build", "build", "{83219023-621D-4A58-8D91-17B1C8DE1C8B}"
	ProjectSection(SolutionItems) = preProject
		build\common.props = build\common.props
		build\credentials.cake = build\credentials.cake
		build\packages.cake = build\packages.cake
		build\parameters.cake = build\parameters.cake
		build\paths.cake = build\paths.cake
		build\util.cake = build\util.cake
		build\version.cake = build\version.cake
		build\version.props = build\version.props
	EndProjectSection
EndProject
Project("{9A19103F-16F7-4668-BE54-9A1E7A4F7556}") = "DotCommon.AspNetCore.Mvc", "src\DotCommon.AspNetCore.Mvc\DotCommon.AspNetCore.Mvc.csproj", "{ADF9F59B-BAB9-4900-B9BA-271493FE2B2B}"
EndProject
Project("{9A19103F-16F7-4668-BE54-9A1E7A4F7556}") = "DotCommon.AspNetCore.Mvc.Demo", "samples\DotCommon.AspNetCore.Mvc.Demo\DotCommon.AspNetCore.Mvc.Demo.csproj", "{99CB38FE-E47D-4CC4-9E4A-3913D18FFAB9}"
EndProject
Project("{2150E333-8FDC-42A3-9474-1A3956D46DE8}") = "Solution Items", "Solution Items", "{3259E272-B916-45B7-8360-09DC4B1A5D8D}"
	ProjectSection(SolutionItems) = preProject
		.travis.yml = .travis.yml
		build.cake = build.cake
		build.ps1 = build.ps1
		build.sh = build.sh
	EndProjectSection
EndProject
Project("{9A19103F-16F7-4668-BE54-9A1E7A4F7556}") = "DotCommon.ImageResizer.Demo", "samples\DotCommon.ImageResizer.Demo\DotCommon.ImageResizer.Demo.csproj", "{CE305FA3-A5F3-4D5D-8753-E12D1DA327F8}"
EndProject
Project("{9A19103F-16F7-4668-BE54-9A1E7A4F7556}") = "DotCommon.ImageUtility", "src\DotCommon.ImageUtility\DotCommon.ImageUtility.csproj", "{9F1A9D8E-7867-4960-B468-291F4010E699}"
EndProject
Project("{9A19103F-16F7-4668-BE54-9A1E7A4F7556}") = "DotCommon.ImageUtility.Test", "test\DotCommon.ImageUtility.Test\DotCommon.ImageUtility.Test.csproj", "{BD656C78-0D84-4FA3-AF30-87964DA57D51}"
EndProject
Project("{FAE04EC0-301F-11D3-BF4B-00C04F79EFBC}") = "DotCommon.ImageResizer.AspNetCore.Mvc", "src\DotCommon.ImageResizer.AspNetCore.Mvc\DotCommon.ImageResizer.AspNetCore.Mvc.csproj", "{89C5B8D5-2D56-4B01-9AEA-9BA1F5796011}"
EndProject
Global
	GlobalSection(SolutionConfigurationPlatforms) = preSolution
		Debug|Any CPU = Debug|Any CPU
		Release|Any CPU = Release|Any CPU
	EndGlobalSection
	GlobalSection(ProjectConfigurationPlatforms) = postSolution
		{5D5012F3-65B7-42FB-A2D8-6BEA1C45AC7F}.Debug|Any CPU.ActiveCfg = Debug|Any CPU
		{5D5012F3-65B7-42FB-A2D8-6BEA1C45AC7F}.Debug|Any CPU.Build.0 = Debug|Any CPU
		{5D5012F3-65B7-42FB-A2D8-6BEA1C45AC7F}.Release|Any CPU.ActiveCfg = Release|Any CPU
		{5D5012F3-65B7-42FB-A2D8-6BEA1C45AC7F}.Release|Any CPU.Build.0 = Release|Any CPU
		{0F36994D-849F-436E-97A6-530A05A02EFC}.Debug|Any CPU.ActiveCfg = Debug|Any CPU
		{0F36994D-849F-436E-97A6-530A05A02EFC}.Debug|Any CPU.Build.0 = Debug|Any CPU
		{0F36994D-849F-436E-97A6-530A05A02EFC}.Release|Any CPU.ActiveCfg = Release|Any CPU
		{0F36994D-849F-436E-97A6-530A05A02EFC}.Release|Any CPU.Build.0 = Release|Any CPU
		{3F0FB329-AB91-4386-B176-387CF7D61B00}.Debug|Any CPU.ActiveCfg = Debug|Any CPU
		{3F0FB329-AB91-4386-B176-387CF7D61B00}.Debug|Any CPU.Build.0 = Debug|Any CPU
		{3F0FB329-AB91-4386-B176-387CF7D61B00}.Release|Any CPU.ActiveCfg = Release|Any CPU
		{3F0FB329-AB91-4386-B176-387CF7D61B00}.Release|Any CPU.Build.0 = Release|Any CPU
		{5EA52E9C-AD8E-4A15-B00A-E3014BE4380D}.Debug|Any CPU.ActiveCfg = Debug|Any CPU
		{5EA52E9C-AD8E-4A15-B00A-E3014BE4380D}.Debug|Any CPU.Build.0 = Debug|Any CPU
		{5EA52E9C-AD8E-4A15-B00A-E3014BE4380D}.Release|Any CPU.ActiveCfg = Release|Any CPU
		{5EA52E9C-AD8E-4A15-B00A-E3014BE4380D}.Release|Any CPU.Build.0 = Release|Any CPU
		{8D1DA3E5-8F7A-4E77-8C9D-2478B62B80DD}.Debug|Any CPU.ActiveCfg = Debug|Any CPU
		{8D1DA3E5-8F7A-4E77-8C9D-2478B62B80DD}.Debug|Any CPU.Build.0 = Debug|Any CPU
		{8D1DA3E5-8F7A-4E77-8C9D-2478B62B80DD}.Release|Any CPU.ActiveCfg = Release|Any CPU
		{8D1DA3E5-8F7A-4E77-8C9D-2478B62B80DD}.Release|Any CPU.Build.0 = Release|Any CPU
		{E59C052F-3002-4FCB-86E8-23913FBC7048}.Debug|Any CPU.ActiveCfg = Debug|Any CPU
		{E59C052F-3002-4FCB-86E8-23913FBC7048}.Debug|Any CPU.Build.0 = Debug|Any CPU
		{E59C052F-3002-4FCB-86E8-23913FBC7048}.Release|Any CPU.ActiveCfg = Release|Any CPU
		{E59C052F-3002-4FCB-86E8-23913FBC7048}.Release|Any CPU.Build.0 = Release|Any CPU
		{E95B72F2-5334-4FF4-BB08-669B1C425775}.Debug|Any CPU.ActiveCfg = Debug|Any CPU
		{E95B72F2-5334-4FF4-BB08-669B1C425775}.Debug|Any CPU.Build.0 = Debug|Any CPU
		{E95B72F2-5334-4FF4-BB08-669B1C425775}.Release|Any CPU.ActiveCfg = Release|Any CPU
		{E95B72F2-5334-4FF4-BB08-669B1C425775}.Release|Any CPU.Build.0 = Release|Any CPU
		{F75F6BAF-346E-4721-A193-C96BAC949EA6}.Debug|Any CPU.ActiveCfg = Debug|Any CPU
		{F75F6BAF-346E-4721-A193-C96BAC949EA6}.Debug|Any CPU.Build.0 = Debug|Any CPU
		{F75F6BAF-346E-4721-A193-C96BAC949EA6}.Release|Any CPU.ActiveCfg = Release|Any CPU
		{F75F6BAF-346E-4721-A193-C96BAC949EA6}.Release|Any CPU.Build.0 = Release|Any CPU
		{ADF9F59B-BAB9-4900-B9BA-271493FE2B2B}.Debug|Any CPU.ActiveCfg = Debug|Any CPU
		{ADF9F59B-BAB9-4900-B9BA-271493FE2B2B}.Debug|Any CPU.Build.0 = Debug|Any CPU
		{ADF9F59B-BAB9-4900-B9BA-271493FE2B2B}.Release|Any CPU.ActiveCfg = Release|Any CPU
		{ADF9F59B-BAB9-4900-B9BA-271493FE2B2B}.Release|Any CPU.Build.0 = Release|Any CPU
		{99CB38FE-E47D-4CC4-9E4A-3913D18FFAB9}.Debug|Any CPU.ActiveCfg = Debug|Any CPU
		{99CB38FE-E47D-4CC4-9E4A-3913D18FFAB9}.Debug|Any CPU.Build.0 = Debug|Any CPU
		{99CB38FE-E47D-4CC4-9E4A-3913D18FFAB9}.Release|Any CPU.ActiveCfg = Release|Any CPU
		{99CB38FE-E47D-4CC4-9E4A-3913D18FFAB9}.Release|Any CPU.Build.0 = Release|Any CPU
		{CE305FA3-A5F3-4D5D-8753-E12D1DA327F8}.Debug|Any CPU.ActiveCfg = Debug|Any CPU
		{CE305FA3-A5F3-4D5D-8753-E12D1DA327F8}.Debug|Any CPU.Build.0 = Debug|Any CPU
		{CE305FA3-A5F3-4D5D-8753-E12D1DA327F8}.Release|Any CPU.ActiveCfg = Release|Any CPU
		{CE305FA3-A5F3-4D5D-8753-E12D1DA327F8}.Release|Any CPU.Build.0 = Release|Any CPU
		{9F1A9D8E-7867-4960-B468-291F4010E699}.Debug|Any CPU.ActiveCfg = Debug|Any CPU
		{9F1A9D8E-7867-4960-B468-291F4010E699}.Debug|Any CPU.Build.0 = Debug|Any CPU
		{9F1A9D8E-7867-4960-B468-291F4010E699}.Release|Any CPU.ActiveCfg = Release|Any CPU
		{9F1A9D8E-7867-4960-B468-291F4010E699}.Release|Any CPU.Build.0 = Release|Any CPU
		{BD656C78-0D84-4FA3-AF30-87964DA57D51}.Debug|Any CPU.ActiveCfg = Debug|Any CPU
		{BD656C78-0D84-4FA3-AF30-87964DA57D51}.Debug|Any CPU.Build.0 = Debug|Any CPU
		{BD656C78-0D84-4FA3-AF30-87964DA57D51}.Release|Any CPU.ActiveCfg = Release|Any CPU
		{BD656C78-0D84-4FA3-AF30-87964DA57D51}.Release|Any CPU.Build.0 = Release|Any CPU
		{89C5B8D5-2D56-4B01-9AEA-9BA1F5796011}.Debug|Any CPU.ActiveCfg = Debug|Any CPU
		{89C5B8D5-2D56-4B01-9AEA-9BA1F5796011}.Debug|Any CPU.Build.0 = Debug|Any CPU
		{89C5B8D5-2D56-4B01-9AEA-9BA1F5796011}.Release|Any CPU.ActiveCfg = Release|Any CPU
		{89C5B8D5-2D56-4B01-9AEA-9BA1F5796011}.Release|Any CPU.Build.0 = Release|Any CPU
	EndGlobalSection
	GlobalSection(SolutionProperties) = preSolution
		HideSolutionNode = FALSE
	EndGlobalSection
	GlobalSection(NestedProjects) = preSolution
		{0F36994D-849F-436E-97A6-530A05A02EFC} = {834211DA-7385-4208-81A9-A807405FCCFA}
		{F75F6BAF-346E-4721-A193-C96BAC949EA6} = {9B36842E-C0C0-4613-BC3B-774A40DA6B4D}
		{99CB38FE-E47D-4CC4-9E4A-3913D18FFAB9} = {9B36842E-C0C0-4613-BC3B-774A40DA6B4D}
		{CE305FA3-A5F3-4D5D-8753-E12D1DA327F8} = {9B36842E-C0C0-4613-BC3B-774A40DA6B4D}
		{BD656C78-0D84-4FA3-AF30-87964DA57D51} = {834211DA-7385-4208-81A9-A807405FCCFA}
	EndGlobalSection
	GlobalSection(ExtensibilityGlobals) = postSolution
		SolutionGuid = {17831D3C-78C0-4535-AC9A-7CA19B13DA03}
	EndGlobalSection
EndGlobal
