
Microsoft Visual Studio Solution File, Format Version 12.00
# Visual Studio 15
VisualStudioVersion = 15.0.26730.16
MinimumVisualStudioVersion = 10.0.40219.1
Project("{9A19103F-16F7-4668-BE54-9A1E7A4F7556}") = "DotCommon", "src\DotCommon\DotCommon.csproj", "{5D5012F3-65B7-42FB-A2D8-6BEA1C45AC7F}"
EndProject
Project("{9A19103F-16F7-4668-BE54-9A1E7A4F7556}") = "DotCommon.Test", "test\DotCommon.Test\DotCommon.Test.csproj", "{0F36994D-849F-436E-97A6-530A05A02EFC}"
EndProject
Project("{9A19103F-16F7-4668-BE54-9A1E7A4F7556}") = "DotCommon.Autofac", "src\DotCommon.Autofac\DotCommon.Autofac.csproj", "{DC93C579-C4D7-4317-A20F-F443A9ED0FAD}"
EndProject
Project("{9A19103F-16F7-4668-BE54-9A1E7A4F7556}") = "DotCommon.AutoMapper", "src\DotCommon.AutoMapper\DotCommon.AutoMapper.csproj", "{3F0FB329-AB91-4386-B176-387CF7D61B00}"
EndProject
Project("{9A19103F-16F7-4668-BE54-9A1E7A4F7556}") = "DotCommon.ProtoBuf", "src\DotCommon.ProtoBuf\DotCommon.ProtoBuf.csproj", "{5EA52E9C-AD8E-4A15-B00A-E3014BE4380D}"
EndProject
Project("{9A19103F-16F7-4668-BE54-9A1E7A4F7556}") = "DotCommon.Caching", "src\DotCommon.Caching\DotCommon.Caching.csproj", "{8D1DA3E5-8F7A-4E77-8C9D-2478B62B80DD}"
EndProject
Project("{9A19103F-16F7-4668-BE54-9A1E7A4F7556}") = "DotCommon.Log4Net", "src\DotCommon.Log4Net\DotCommon.Log4Net.csproj", "{E59C052F-3002-4FCB-86E8-23913FBC7048}"
EndProject
Project("{9A19103F-16F7-4668-BE54-9A1E7A4F7556}") = "DotCommon.Json4Net", "src\DotCommon.Json4Net\DotCommon.Json4Net.csproj", "{E95B72F2-5334-4FF4-BB08-669B1C425775}"
EndProject
Project("{9A19103F-16F7-4668-BE54-9A1E7A4F7556}") = "DotCommon.AbpExtension", "src\DotCommon.AbpExtension\DotCommon.AbpExtension.csproj", "{6559EFE6-FB3D-4E6A-ACAF-5B6AEA0C44BC}"
EndProject
Global
	GlobalSection(SolutionConfigurationPlatforms) = preSolution
		Debug|Any CPU = Debug|Any CPU
		Release|Any CPU = Release|Any CPU
	EndGlobalSection
	GlobalSection(ProjectConfigurationPlatforms) = postSolution
		{5D5012F3-65B7-42FB-A2D8-6BEA1C45AC7F}.Debug|Any CPU.ActiveCfg = Debug|Any CPU
		{5D5012F3-65B7-42FB-A2D8-6BEA1C45AC7F}.Debug|Any CPU.Build.0 = Debug|Any CPU
		{5D5012F3-65B7-42FB-A2D8-6BEA1C45AC7F}.Release|Any CPU.ActiveCfg = Release|Any CPU
		{5D5012F3-65B7-42FB-A2D8-6BEA1C45AC7F}.Release|Any CPU.Build.0 = Release|Any CPU
		{0F36994D-849F-436E-97A6-530A05A02EFC}.Debug|Any CPU.ActiveCfg = Debug|Any CPU
		{0F36994D-849F-436E-97A6-530A05A02EFC}.Debug|Any CPU.Build.0 = Debug|Any CPU
		{0F36994D-849F-436E-97A6-530A05A02EFC}.Release|Any CPU.ActiveCfg = Release|Any CPU
		{0F36994D-849F-436E-97A6-530A05A02EFC}.Release|Any CPU.Build.0 = Release|Any CPU
		{DC93C579-C4D7-4317-A20F-F443A9ED0FAD}.Debug|Any CPU.ActiveCfg = Debug|Any CPU
		{DC93C579-C4D7-4317-A20F-F443A9ED0FAD}.Debug|Any CPU.Build.0 = Debug|Any CPU
		{DC93C579-C4D7-4317-A20F-F443A9ED0FAD}.Release|Any CPU.ActiveCfg = Release|Any CPU
		{DC93C579-C4D7-4317-A20F-F443A9ED0FAD}.Release|Any CPU.Build.0 = Release|Any CPU
		{3F0FB329-AB91-4386-B176-387CF7D61B00}.Debug|Any CPU.ActiveCfg = Debug|Any CPU
		{3F0FB329-AB91-4386-B176-387CF7D61B00}.Debug|Any CPU.Build.0 = Debug|Any CPU
		{3F0FB329-AB91-4386-B176-387CF7D61B00}.Release|Any CPU.ActiveCfg = Release|Any CPU
		{3F0FB329-AB91-4386-B176-387CF7D61B00}.Release|Any CPU.Build.0 = Release|Any CPU
		{5EA52E9C-AD8E-4A15-B00A-E3014BE4380D}.Debug|Any CPU.ActiveCfg = Debug|Any CPU
		{5EA52E9C-AD8E-4A15-B00A-E3014BE4380D}.Debug|Any CPU.Build.0 = Debug|Any CPU
		{5EA52E9C-AD8E-4A15-B00A-E3014BE4380D}.Release|Any CPU.ActiveCfg = Release|Any CPU
		{5EA52E9C-AD8E-4A15-B00A-E3014BE4380D}.Release|Any CPU.Build.0 = Release|Any CPU
		{8D1DA3E5-8F7A-4E77-8C9D-2478B62B80DD}.Debug|Any CPU.ActiveCfg = Debug|Any CPU
		{8D1DA3E5-8F7A-4E77-8C9D-2478B62B80DD}.Debug|Any CPU.Build.0 = Debug|Any CPU
		{8D1DA3E5-8F7A-4E77-8C9D-2478B62B80DD}.Release|Any CPU.ActiveCfg = Release|Any CPU
		{8D1DA3E5-8F7A-4E77-8C9D-2478B62B80DD}.Release|Any CPU.Build.0 = Release|Any CPU
		{E59C052F-3002-4FCB-86E8-23913FBC7048}.Debug|Any CPU.ActiveCfg = Debug|Any CPU
		{E59C052F-3002-4FCB-86E8-23913FBC7048}.Debug|Any CPU.Build.0 = Debug|Any CPU
		{E59C052F-3002-4FCB-86E8-23913FBC7048}.Release|Any CPU.ActiveCfg = Release|Any CPU
		{E59C052F-3002-4FCB-86E8-23913FBC7048}.Release|Any CPU.Build.0 = Release|Any CPU
		{E95B72F2-5334-4FF4-BB08-669B1C425775}.Debug|Any CPU.ActiveCfg = Debug|Any CPU
		{E95B72F2-5334-4FF4-BB08-669B1C425775}.Debug|Any CPU.Build.0 = Debug|Any CPU
		{E95B72F2-5334-4FF4-BB08-669B1C425775}.Release|Any CPU.ActiveCfg = Release|Any CPU
		{E95B72F2-5334-4FF4-BB08-669B1C425775}.Release|Any CPU.Build.0 = Release|Any CPU
		{6559EFE6-FB3D-4E6A-ACAF-5B6AEA0C44BC}.Debug|Any CPU.ActiveCfg = Debug|Any CPU
		{6559EFE6-FB3D-4E6A-ACAF-5B6AEA0C44BC}.Debug|Any CPU.Build.0 = Debug|Any CPU
		{6559EFE6-FB3D-4E6A-ACAF-5B6AEA0C44BC}.Release|Any CPU.ActiveCfg = Release|Any CPU
		{6559EFE6-FB3D-4E6A-ACAF-5B6AEA0C44BC}.Release|Any CPU.Build.0 = Release|Any CPU
	EndGlobalSection
	GlobalSection(SolutionProperties) = preSolution
		HideSolutionNode = FALSE
	EndGlobalSection
	GlobalSection(ExtensibilityGlobals) = postSolution
		SolutionGuid = {17831D3C-78C0-4535-AC9A-7CA19B13DA03}
	EndGlobalSection
EndGlobal
