
Microsoft Visual Studio Solution File, Format Version 12.00
# Visual Studio Version 17
VisualStudioVersion = 17.4.33205.214
MinimumVisualStudioVersion = 10.0.40219.1
Project("{9A19103F-16F7-4668-BE54-9A1E7A4F7556}") = "DotCommon", "src\DotCommon\DotCommon.csproj", "{5D5012F3-65B7-42FB-A2D8-6BEA1C45AC7F}"
EndProject
Project("{9A19103F-16F7-4668-BE54-9A1E7A4F7556}") = "DotCommon.Test", "test\DotCommon.Test\DotCommon.Test.csproj", "{0F36994D-849F-436E-97A6-530A05A02EFC}"
EndProject
Project("{9A19103F-16F7-4668-BE54-9A1E7A4F7556}") = "DotCommon.AutoMapper", "src\DotCommon.AutoMapper\DotCommon.AutoMapper.csproj", "{3F0FB329-AB91-4386-B176-387CF7D61B00}"
EndProject
Project("{9A19103F-16F7-4668-BE54-9A1E7A4F7556}") = "DotCommon.ProtoBuf", "src\DotCommon.ProtoBuf\DotCommon.ProtoBuf.csproj", "{5EA52E9C-AD8E-4A15-B00A-E3014BE4380D}"
EndProject
Project("{2150E333-8FDC-42A3-9474-1A3956D46DE8}") = "Test", "Test", "{834211DA-7385-4208-81A9-A807405FCCFA}"
EndProject
Project("{2150E333-8FDC-42A3-9474-1A3956D46DE8}") = "doc", "doc", "{5BF7440F-AD5D-4FBB-92FC-BCBA8C6019A6}"
	ProjectSection(SolutionItems) = preProject
		README.md = README.md
	EndProjectSection
EndProject
Project("{2150E333-8FDC-42A3-9474-1A3956D46DE8}") = "samples", "samples", "{9B36842E-C0C0-4613-BC3B-774A40DA6B4D}"
EndProject
Project("{9A19103F-16F7-4668-BE54-9A1E7A4F7556}") = "DotCommon.ConsoleTest", "samples\DotCommon.ConsoleTest\DotCommon.ConsoleTest.csproj", "{F75F6BAF-346E-4721-A193-C96BAC949EA6}"
EndProject
Project("{2150E333-8FDC-42A3-9474-1A3956D46DE8}") = "build", "build", "{83219023-621D-4A58-8D91-17B1C8DE1C8B}"
	ProjectSection(SolutionItems) = preProject
		build\common.props = build\common.props
		build\credentials.cake = build\credentials.cake
		build\packages.cake = build\packages.cake
		build\parameters.cake = build\parameters.cake
		build\paths.cake = build\paths.cake
		build\util.cake = build\util.cake
		build\version.cake = build\version.cake
		build\version.props = build\version.props
	EndProjectSection
EndProject
Project("{9A19103F-16F7-4668-BE54-9A1E7A4F7556}") = "DotCommon.AspNetCore.Mvc", "src\DotCommon.AspNetCore.Mvc\DotCommon.AspNetCore.Mvc.csproj", "{ADF9F59B-BAB9-4900-B9BA-271493FE2B2B}"
EndProject
Project("{9A19103F-16F7-4668-BE54-9A1E7A4F7556}") = "DotCommon.Crypto", "src\DotCommon.Crypto\DotCommon.Crypto.csproj", "{A77A4CC6-13B5-4017-8F87-4B7F07BA4E8C}"
EndProject
Project("{9A19103F-16F7-4668-BE54-9A1E7A4F7556}") = "DotCommon.TextJson", "src\DotCommon.TextJson\DotCommon.TextJson.csproj", "{8F0CBC50-489B-43BC-884B-D866C0D6586C}"
EndProject
Global
	GlobalSection(SolutionConfigurationPlatforms) = preSolution
		Debug|Any CPU = Debug|Any CPU
		Release|Any CPU = Release|Any CPU
	EndGlobalSection
	GlobalSection(ProjectConfigurationPlatforms) = postSolution
		{5D5012F3-65B7-42FB-A2D8-6BEA1C45AC7F}.Debug|Any CPU.ActiveCfg = Debug|Any CPU
		{5D5012F3-65B7-42FB-A2D8-6BEA1C45AC7F}.Debug|Any CPU.Build.0 = Debug|Any CPU
		{5D5012F3-65B7-42FB-A2D8-6BEA1C45AC7F}.Release|Any CPU.ActiveCfg = Release|Any CPU
		{5D5012F3-65B7-42FB-A2D8-6BEA1C45AC7F}.Release|Any CPU.Build.0 = Release|Any CPU
		{0F36994D-849F-436E-97A6-530A05A02EFC}.Debug|Any CPU.ActiveCfg = Debug|Any CPU
		{0F36994D-849F-436E-97A6-530A05A02EFC}.Debug|Any CPU.Build.0 = Debug|Any CPU
		{0F36994D-849F-436E-97A6-530A05A02EFC}.Release|Any CPU.ActiveCfg = Release|Any CPU
		{0F36994D-849F-436E-97A6-530A05A02EFC}.Release|Any CPU.Build.0 = Release|Any CPU
		{3F0FB329-AB91-4386-B176-387CF7D61B00}.Debug|Any CPU.ActiveCfg = Debug|Any CPU
		{3F0FB329-AB91-4386-B176-387CF7D61B00}.Debug|Any CPU.Build.0 = Debug|Any CPU
		{3F0FB329-AB91-4386-B176-387CF7D61B00}.Release|Any CPU.ActiveCfg = Release|Any CPU
		{3F0FB329-AB91-4386-B176-387CF7D61B00}.Release|Any CPU.Build.0 = Release|Any CPU
		{5EA52E9C-AD8E-4A15-B00A-E3014BE4380D}.Debug|Any CPU.ActiveCfg = Debug|Any CPU
		{5EA52E9C-AD8E-4A15-B00A-E3014BE4380D}.Debug|Any CPU.Build.0 = Debug|Any CPU
		{5EA52E9C-AD8E-4A15-B00A-E3014BE4380D}.Release|Any CPU.ActiveCfg = Release|Any CPU
		{5EA52E9C-AD8E-4A15-B00A-E3014BE4380D}.Release|Any CPU.Build.0 = Release|Any CPU
		{F75F6BAF-346E-4721-A193-C96BAC949EA6}.Debug|Any CPU.ActiveCfg = Debug|Any CPU
		{F75F6BAF-346E-4721-A193-C96BAC949EA6}.Debug|Any CPU.Build.0 = Debug|Any CPU
		{F75F6BAF-346E-4721-A193-C96BAC949EA6}.Release|Any CPU.ActiveCfg = Release|Any CPU
		{F75F6BAF-346E-4721-A193-C96BAC949EA6}.Release|Any CPU.Build.0 = Release|Any CPU
		{ADF9F59B-BAB9-4900-B9BA-271493FE2B2B}.Debug|Any CPU.ActiveCfg = Debug|Any CPU
		{ADF9F59B-BAB9-4900-B9BA-271493FE2B2B}.Debug|Any CPU.Build.0 = Debug|Any CPU
		{ADF9F59B-BAB9-4900-B9BA-271493FE2B2B}.Release|Any CPU.ActiveCfg = Release|Any CPU
		{ADF9F59B-BAB9-4900-B9BA-271493FE2B2B}.Release|Any CPU.Build.0 = Release|Any CPU
		{A77A4CC6-13B5-4017-8F87-4B7F07BA4E8C}.Debug|Any CPU.ActiveCfg = Debug|Any CPU
		{A77A4CC6-13B5-4017-8F87-4B7F07BA4E8C}.Debug|Any CPU.Build.0 = Debug|Any CPU
		{A77A4CC6-13B5-4017-8F87-4B7F07BA4E8C}.Release|Any CPU.ActiveCfg = Release|Any CPU
		{A77A4CC6-13B5-4017-8F87-4B7F07BA4E8C}.Release|Any CPU.Build.0 = Release|Any CPU
		{8F0CBC50-489B-43BC-884B-D866C0D6586C}.Debug|Any CPU.ActiveCfg = Debug|Any CPU
		{8F0CBC50-489B-43BC-884B-D866C0D6586C}.Debug|Any CPU.Build.0 = Debug|Any CPU
		{8F0CBC50-489B-43BC-884B-D866C0D6586C}.Release|Any CPU.ActiveCfg = Release|Any CPU
		{8F0CBC50-489B-43BC-884B-D866C0D6586C}.Release|Any CPU.Build.0 = Release|Any CPU
	EndGlobalSection
	GlobalSection(SolutionProperties) = preSolution
		HideSolutionNode = FALSE
	EndGlobalSection
	GlobalSection(NestedProjects) = preSolution
		{0F36994D-849F-436E-97A6-530A05A02EFC} = {834211DA-7385-4208-81A9-A807405FCCFA}
		{F75F6BAF-346E-4721-A193-C96BAC949EA6} = {9B36842E-C0C0-4613-BC3B-774A40DA6B4D}
	EndGlobalSection
	GlobalSection(ExtensibilityGlobals) = postSolution
		SolutionGuid = {17831D3C-78C0-4535-AC9A-7CA19B13DA03}
	EndGlobalSection
EndGlobal
